# This file is autogenerated, do not edit; changes may be undone by the next 'dep ensure'.


[[projects]]
  name = "github.com/golang/protobuf"
  packages = ["proto"]
  revision = "925541529c1fa6821df4e44ce2723319eb2be768"
  version = "v1.0.0"

[[projects]]
  branch = "master"
  name = "github.com/ttacon/builder"
  packages = ["."]
  revision = "c099f663e1c235176c175644792c5eb282017ad7"

[solve-meta]
  analyzer-name = "dep"
  analyzer-version = 1
  inputs-digest = "3ff74a891e5327500f82f26ee9c596abb2e5ecc68241eb829d22eada6e37e410"
  solver-name = "gps-cdcl"
  solver-version = 1
